{
  "version": "5",
  "specifiers": {
    "npm:@azure/storage-blob@^12.17.0": "12.27.0"
  },
  "npm": {
    "@azure/abort-controller@2.1.2": {
      "integrity": "sha512-nBrLsEWm4J2u5LpAPjxADTlq3trDgVZZXHNKabeXZtpq3d3AbN/KGO82R87rdDz5/lYB024rtEf10/q0urNgsA==",
      "dependencies": [
        "tslib"
      ]
    },
    "@azure/core-auth@1.9.0": {
      "integrity": "sha512-FPwHpZywuyasDSLMqJ6fhbOK3TqUdviZNF8OqRGA4W5Ewib2lEEZ+pBsYcBa88B2NGO/SEnYPGhyBqNlE8ilSw==",
      "dependencies": [
        "@azure/abort-controller",
        "@azure/core-util",
        "tslib"
      ]
    },
    "@azure/core-client@1.9.4": {
      "integrity": "sha512-f7IxTD15Qdux30s2qFARH+JxgwxWLG2Rlr4oSkPGuLWm+1p5y1+C04XGLA0vmX6EtqfutmjvpNmAfgwVIS5hpw==",
      "dependencies": [
        "@azure/abort-controller",
        "@azure/core-auth",
        "@azure/core-rest-pipeline",
        "@azure/core-tracing",
        "@azure/core-util",
        "@azure/logger",
        "tslib"
      ]
    },
    "@azure/core-http-compat@2.3.0": {
      "integrity": "sha512-qLQujmUypBBG0gxHd0j6/Jdmul6ttl24c8WGiLXIk7IHXdBlfoBqW27hyz3Xn6xbfdyVSarl1Ttbk0AwnZBYCw==",
      "dependencies": [
        "@azure/abort-controller",
        "@azure/core-client",
        "@azure/core-rest-pipeline"
      ]
    },
    "@azure/core-lro@2.7.2": {
      "integrity": "sha512-0YIpccoX8m/k00O7mDDMdJpbr6mf1yWo2dfmxt5A8XVZVVMz2SSKaEbMCeJRvgQ0IaSlqhjT47p4hVIRRy90xw==",
      "dependencies": [
        "@azure/abort-controller",
        "@azure/core-util",
        "@azure/logger",
        "tslib"
      ]
    },
    "@azure/core-paging@1.6.2": {
      "integrity": "sha512-YKWi9YuCU04B55h25cnOYZHxXYtEvQEbKST5vqRga7hWY9ydd3FZHdeQF8pyh+acWZvppw13M/LMGx0LABUVMA==",
      "dependencies": [
        "tslib"
      ]
    },
    "@azure/core-rest-pipeline@1.21.0": {
      "integrity": "sha512-a4MBwe/5WKbq9MIxikzgxLBbruC5qlkFYlBdI7Ev50Y7ib5Vo/Jvt5jnJo7NaWeJ908LCHL0S1Us4UMf1VoTfg==",
      "dependencies": [
        "@azure/abort-controller",
        "@azure/core-auth",
        "@azure/core-tracing",
        "@azure/core-util",
        "@azure/logger",
        "@typespec/ts-http-runtime",
        "tslib"
      ]
    },
    "@azure/core-tracing@1.2.0": {
      "integrity": "sha512-UKTiEJPkWcESPYJz3X5uKRYyOcJD+4nYph+KpfdPRnQJVrZfk0KJgdnaAWKfhsBBtAf/D58Az4AvCJEmWgIBAg==",
      "dependencies": [
        "tslib"
      ]
    },
    "@azure/core-util@1.12.0": {
      "integrity": "sha512-13IyjTQgABPARvG90+N2dXpC+hwp466XCdQXPCRlbWHgd3SJd5Q1VvaBGv6k1BIa4MQm6hAF1UBU1m8QUxV8sQ==",
      "dependencies": [
        "@azure/abort-controller",
        "@typespec/ts-http-runtime",
        "tslib"
      ]
    },
    "@azure/core-xml@1.4.5": {
      "integrity": "sha512-gT4H8mTaSXRz7eGTuQyq1aIJnJqeXzpOe9Ay7Z3FrCouer14CbV3VzjnJrNrQfbBpGBLO9oy8BmrY75A0p53cA==",
      "dependencies": [
        "fast-xml-parser",
        "tslib"
      ]
    },
    "@azure/logger@1.2.0": {
      "integrity": "sha512-0hKEzLhpw+ZTAfNJyRrn6s+V0nDWzXk9OjBr2TiGIu0OfMr5s2V4FpKLTAK3Ca5r5OKLbf4hkOGDPyiRjie/jA==",
      "dependencies": [
        "@typespec/ts-http-runtime",
        "tslib"
      ]
    },
    "@azure/storage-blob@12.27.0": {
      "integrity": "sha512-IQjj9RIzAKatmNca3D6bT0qJ+Pkox1WZGOg2esJF2YLHb45pQKOwGPIAV+w3rfgkj7zV3RMxpn/c6iftzSOZJQ==",
      "dependencies": [
        "@azure/abort-controller",
        "@azure/core-auth",
        "@azure/core-client",
        "@azure/core-http-compat",
        "@azure/core-lro",
        "@azure/core-paging",
        "@azure/core-rest-pipeline",
        "@azure/core-tracing",
        "@azure/core-util",
        "@azure/core-xml",
        "@azure/logger",
        "events",
        "tslib"
      ]
    },
    "@typespec/ts-http-runtime@0.2.3": {
      "integrity": "sha512-oRhjSzcVjX8ExyaF8hC0zzTqxlVuRlgMHL/Bh4w3xB9+wjbm0FpXylVU/lBrn+kgphwYTrOk3tp+AVShGmlYCg==",
      "dependencies": [
        "http-proxy-agent",
        "https-proxy-agent",
        "tslib"
      ]
    },
    "agent-base@7.1.3": {
      "integrity": "sha512-jRR5wdylq8CkOe6hei19GGZnxM6rBGwFl3Bg0YItGDimvjGtAvdZk4Pu6Cl4u4Igsws4a1fd1Vq3ezrhn4KmFw=="
    },
    "debug@4.4.1": {
      "integrity": "sha512-KcKCqiftBJcZr++7ykoDIEwSa3XWowTfNPo92BYxjXiyYEVrUQh2aLyhxBCwww+heortUFxEJYcRzosstTEBYQ==",
      "dependencies": [
        "ms"
      ]
    },
    "events@3.3.0": {
      "integrity": "sha512-mQw+2fkQbALzQ7V0MY0IqdnXNOeTtP4r0lN9z7AAawCXgqea7bDii20AYrIBrFd/Hx0M2Ocz6S111CaFkUcb0Q=="
    },
    "fast-xml-parser@5.2.5": {
      "integrity": "sha512-pfX9uG9Ki0yekDHx2SiuRIyFdyAr1kMIMitPvb0YBo8SUfKvia7w7FIyd/l6av85pFYRhZscS75MwMnbvY+hcQ==",
      "dependencies": [
        "strnum"
      ],
      "bin": true
    },
    "http-proxy-agent@7.0.2": {
      "integrity": "sha512-T1gkAiYYDWYx3V5Bmyu7HcfcvL7mUrTWiM6yOfa3PIphViJ/gFPbvidQ+veqSOHci/PxBcDabeUNCzpOODJZig==",
      "dependencies": [
        "agent-base",
        "debug"
      ]
    },
    "https-proxy-agent@7.0.6": {
      "integrity": "sha512-vK9P5/iUfdl95AI+JVyUuIcVtd4ofvtrOr3HNtM2yxC9bnMbEdp3x01OhQNnjb8IJYi38VlTE3mBXwcfvywuSw==",
      "dependencies": [
        "agent-base",
        "debug"
      ]
    },
    "ms@2.1.3": {
      "integrity": "sha512-6FlzubTLZG3J2a/NVCAleEhjzq5oxgHyaCU9yYXvcLsvoVaHJq/s5xXI6/XXP6tz7R9xAOtHnSO/tXtF3WRTlA=="
    },
    "strnum@2.1.1": {
      "integrity": "sha512-7ZvoFTiCnGxBtDqJ//Cu6fWtZtc7Y3x+QOirG15wztbdngGSkht27o2pyGWrVy0b4WAy3jbKmnoK6g5VlVNUUw=="
    },
    "tslib@2.8.1": {
      "integrity": "sha512-oJFu94HQb+KVduSUQL7wnpmqnfmLsOA/nAh6b6EH0wCEoK0/mPeXU6c3wKDV83MkOuHPRHtSXKKU99IBazS/2w=="
    }
  },
  "workspace": {
    "dependencies": [
      "npm:@azure/storage-blob@^12.17.0"
    ]
  }
}
